// !$*UTF8*$!
{
	archiveVersion = 1;
	classes = {
	};
	objectVersion = 50;
	objects = {

/* Begin PBXBuildFile section */
		9B43DC1B236EB5CA00A1C69B /* AppDelegate.swift in Sources */ = {isa = PBXBuildFile; fileRef = 9B43DC1A236EB5CA00A1C69B /* AppDelegate.swift */; };
		9B43DC1D236EB5CA00A1C69B /* SceneDelegate.swift in Sources */ = {isa = PBXBuildFile; fileRef = 9B43DC1C236EB5CA00A1C69B /* SceneDelegate.swift */; };
		9B43DC1F236EB5CA00A1C69B /* ContentView.swift in Sources */ = {isa = PBXBuildFile; fileRef = 9B43DC1E236EB5CA00A1C69B /* ContentView.swift */; };
		9B43DC21236EB5CC00A1C69B /* Assets.xcassets in Resources */ = {isa = PBXBuildFile; fileRef = 9B43DC20236EB5CC00A1C69B /* Assets.xcassets */; };
		9B43DC24236EB5CC00A1C69B /* Preview Assets.xcassets in Resources */ = {isa = PBXBuildFile; fileRef = 9B43DC23236EB5CC00A1C69B /* Preview Assets.xcassets */; };
		9B43DC27236EB5CC00A1C69B /* LaunchScreen.storyboard in Resources */ = {isa = PBXBuildFile; fileRef = 9B43DC25236EB5CC00A1C69B /* LaunchScreen.storyboard */; };
		9B43DC2F236EB5FD00A1C69B /* Problem1View.swift in Sources */ = {isa = PBXBuildFile; fileRef = 9B43DC2E236EB5FD00A1C69B /* Problem1View.swift */; };
/* End PBXBuildFile section */

/* Begin PBXFileReference section */
		9B43DC17236EB5CA00A1C69B /* SwiftUIExam.app */ = {isa = PBXFileReference; explicitFileType = wrapper.application; includeInIndex = 0; path = SwiftUIExam.app; sourceTree = BUILT_PRODUCTS_DIR; };
		9B43DC1A236EB5CA00A1C69B /* AppDelegate.swift */ = {isa = PBXFileReference; lastKnownFileType = sourcecode.swift; path = AppDelegate.swift; sourceTree = "<group>"; };
		9B43DC1C236EB5CA00A1C69B /* SceneDelegate.swift */ = {isa = PBXFileReference; lastKnownFileType = sourcecode.swift; path = SceneDelegate.swift; sourceTree = "<group>"; };
		9B43DC1E236EB5CA00A1C69B /* ContentView.swift */ = {isa = PBXFileReference; lastKnownFileType = sourcecode.swift; path = ContentView.swift; sourceTree = "<group>"; };
		9B43DC20236EB5CC00A1C69B /* Assets.xcassets */ = {isa = PBXFileReference; lastKnownFileType = folder.assetcatalog; path = Assets.xcassets; sourceTree = "<group>"; };
		9B43DC23236EB5CC00A1C69B /* Preview Assets.xcassets */ = {isa = PBXFileReference; lastKnownFileType = folder.assetcatalog; path = "Preview Assets.xcassets"; sourceTree = "<group>"; };
		9B43DC26236EB5CC00A1C69B /* Base */ = {isa = PBXFileReference; lastKnownFileType = file.storyboard; name = Base; path = Base.lproj/LaunchScreen.storyboard; sourceTree = "<group>"; };
		9B43DC28236EB5CC00A1C69B /* Info.plist */ = {isa = PBXFileReference; lastKnownFileType = text.plist.xml; path = Info.plist; sourceTree = "<group>"; };
		9B43DC2E236EB5FD00A1C69B /* Problem1View.swift */ = {isa = PBXFileReference; lastKnownFileType = sourcecode.swift; path = Problem1View.swift; sourceTree = "<group>"; };
/* End PBXFileReference section */

/* Begin PBXFrameworksBuildPhase section */
		9B43DC14236EB5CA00A1C69B /* Frameworks */ = {
			isa = PBXFrameworksBuildPhase;
			buildActionMask = 2147483647;
			files = (
			);
			runOnlyForDeploymentPostprocessing = 0;
		};
/* End PBXFrameworksBuildPhase section */

/* Begin PBXGroup section */
		9B43DC0E236EB5CA00A1C69B = {
			isa = PBXGroup;
			children = (
				9B43DC19236EB5CA00A1C69B /* SwiftUIExam */,
				9B43DC18236EB5CA00A1C69B /* Products */,
			);
			sourceTree = "<group>";
		};
		9B43DC18236EB5CA00A1C69B /* Products */ = {
			isa = PBXGroup;
			children = (
				9B43DC17236EB5CA00A1C69B /* SwiftUIExam.app */,
			);
			name = Products;
			sourceTree = "<group>";
		};
		9B43DC19236EB5CA00A1C69B /* SwiftUIExam */ = {
			isa = PBXGroup;
			children = (
				9B43DC2E236EB5FD00A1C69B /* Problem1View.swift */,
				9B43DC1A236EB5CA00A1C69B /* AppDelegate.swift */,
				9B43DC1C236EB5CA00A1C69B /* SceneDelegate.swift */,
				9B43DC1E236EB5CA00A1C69B /* ContentView.swift */,
				9B43DC20236EB5CC00A1C69B /* Assets.xcassets */,
				9B43DC25236EB5CC00A1C69B /* LaunchScreen.storyboard */,
				9B43DC28236EB5CC00A1C69B /* Info.plist */,
				9B43DC22236EB5CC00A1C69B /* Preview Content */,
			);
			path = SwiftUIExam;
			sourceTree = "<group>";
		};
		9B43DC22236EB5CC00A1C69B /* Preview Content */ = {
			isa = PBXGroup;
			children = (
				9B43DC23236EB5CC00A1C69B /* Preview Assets.xcassets */,
			);
			path = "Preview Content";
			sourceTree = "<group>";
		};
/* End PBXGroup section */

/* Begin PBXNativeTarget section */
		9B43DC16236EB5CA00A1C69B /* SwiftUIExam */ = {
			isa = PBXNativeTarget;
			buildConfigurationList = 9B43DC2B236EB5CC00A1C69B /* Build configuration list for PBXNativeTarget "SwiftUIExam" */;
			buildPhases = (
				9B43DC13236EB5CA00A1C69B /* Sources */,
				9B43DC14236EB5CA00A1C69B /* Frameworks */,
				9B43DC15236EB5CA00A1C69B /* Resources */,
			);
			buildRules = (
			);
			dependencies = (
			);
			name = SwiftUIExam;
			productName = SwiftUIExam;
			productReference = 9B43DC17236EB5CA00A1C69B /* SwiftUIExam.app */;
			productType = "com.apple.product-type.application";
		};
/* End PBXNativeTarget section */

/* Begin PBXProject section */
		9B43DC0F236EB5CA00A1C69B /* Project object */ = {
			isa = PBXProject;
			attributes = {
				LastSwiftUpdateCheck = 1120;
				LastUpgradeCheck = 1120;
				ORGANIZATIONNAME = "SHIH-YING PAN";
				TargetAttributes = {
					9B43DC16236EB5CA00A1C69B = {
						CreatedOnToolsVersion = 11.2;
					};
				};
			};
			buildConfigurationList = 9B43DC12236EB5CA00A1C69B /* Build configuration list for PBXProject "SwiftUIExam" */;
			compatibilityVersion = "Xcode 9.3";
			developmentRegion = en;
			hasScannedForEncodings = 0;
			knownRegions = (
				en,
				Base,
			);
			mainGroup = 9B43DC0E236EB5CA00A1C69B;
			productRefGroup = 9B43DC18236EB5CA00A1C69B /* Products */;
			projectDirPath = "";
			projectRoot = "";
			targets = (
				9B43DC16236EB5CA00A1C69B /* SwiftUIExam */,
			);
		};
/* End PBXProject section */

/* Begin PBXResourcesBuildPhase section */
		9B43DC15236EB5CA00A1C69B /* Resources */ = {
			isa = PBXResourcesBuildPhase;
			buildActionMask = 2147483647;
			files = (
				9B43DC27236EB5CC00A1C69B /* LaunchScreen.storyboard in Resources */,
				9B43DC24236EB5CC00A1C69B /* Preview Assets.xcassets in Resources */,
				9B43DC21236EB5CC00A1C69B /* Assets.xcassets in Resources */,
			);
			runOnlyForDeploymentPostprocessing = 0;
		};
/* End PBXResourcesBuildPhase section */

/* Begin PBXSourcesBuildPhase section */
		9B43DC13236EB5CA00A1C69B /* Sources */ = {
			isa = PBXSourcesBuildPhase;
			buildActionMask = 2147483647;
			files = (
				9B43DC1B236EB5CA00A1C69B /* AppDelegate.swift in Sources */,
				9B43DC1D236EB5CA00A1C69B /* SceneDelegate.swift in Sources */,
				9B43DC2F236EB5FD00A1C69B /* Problem1View.swift in Sources */,
				9B43DC1F236EB5CA00A1C69B /* ContentView.swift in Sources */,
			);
			runOnlyForDeploymentPostprocessing = 0;
		};
/* End PBXSourcesBuildPhase section */

/* Begin PBXVariantGroup section */
		9B43DC25236EB5CC00A1C69B /* LaunchScreen.storyboard */ = {
			isa = PBXVariantGroup;
			children = (
				9B43DC26236EB5CC00A1C69B /* Base */,
			);
			name = LaunchScreen.storyboard;
			sourceTree = "<group>";
		};
/* End PBXVariantGroup section */

/* Begin XCBuildConfiguration section */
		9B43DC29236EB5CC00A1C69B /* Debug */ = {
			isa = XCBuildConfiguration;
			buildSettings = {
				ALWAYS_SEARCH_USER_PATHS = NO;
				CLANG_ANALYZER_NONNULL = YES;
				CLANG_ANALYZER_NUMBER_OBJECT_CONVERSION = YES_AGGRESSIVE;
				CLANG_CXX_LANGUAGE_STANDARD = "gnu++14";
				CLANG_CXX_LIBRARY = "libc++";
				CLANG_ENABLE_MODULES = YES;
				CLANG_ENABLE_OBJC_ARC = YES;
				CLANG_ENABLE_OBJC_WEAK = YES;
				CLANG_WARN_BLOCK_CAPTURE_AUTORELEASING = YES;
				CLANG_WARN_BOOL_CONVERSION = YES;
				CLANG_WARN_COMMA = YES;
				CLANG_WARN_CONSTANT_CONVERSION = YES;
				CLANG_WARN_DEPRECATED_OBJC_IMPLEMENTATIONS = YES;
				CLANG_WARN_DIRECT_OBJC_ISA_USAGE = YES_ERROR;
				CLANG_WARN_DOCUMENTATION_COMMENTS = YES;
				CLANG_WARN_EMPTY_BODY = YES;
				CLANG_WARN_ENUM_CONVERSION = YES;
				CLANG_WARN_INFINITE_RECURSION = YES;
				CLANG_WARN_INT_CONVERSION = YES;
				CLANG_WARN_NON_LITERAL_NULL_CONVERSION = YES;
				CLANG_WARN_OBJC_IMPLICIT_RETAIN_SELF = YES;
				CLANG_WARN_OBJC_LITERAL_CONVERSION = YES;
				CLANG_WARN_OBJC_ROOT_CLASS = YES_ERROR;
				CLANG_WARN_RANGE_LOOP_ANALYSIS = YES;
				CLANG_WARN_STRICT_PROTOTYPES = YES;
				CLANG_WARN_SUSPICIOUS_MOVE = YES;
				CLANG_WARN_UNGUARDED_AVAILABILITY = YES_AGGRESSIVE;
				CLANG_WARN_UNREACHABLE_CODE = YES;
				CLANG_WARN__DUPLICATE_METHOD_MATCH = YES;
				COPY_PHASE_STRIP = NO;
				DEBUG_INFORMATION_FORMAT = dwarf;
				ENABLE_STRICT_OBJC_MSGSEND = YES;
				ENABLE_TESTABILITY = YES;
				GCC_C_LANGUAGE_STANDARD = gnu11;
				GCC_DYNAMIC_NO_PIC = NO;
				GCC_NO_COMMON_BLOCKS = YES;
				GCC_OPTIMIZATION_LEVEL = 0;
				GCC_PREPROCESSOR_DEFINITIONS = (
					"DEBUG=1",
					"$(inherited)",
				);
				GCC_WARN_64_TO_32_BIT_CONVERSION = YES;
				GCC_WARN_ABOUT_RETURN_TYPE = YES_ERROR;
				GCC_WARN_UNDECLARED_SELECTOR = YES;
				GCC_WARN_UNINITIALIZED_AUTOS = YES_AGGRESSIVE;
				GCC_WARN_UNUSED_FUNCTION = YES;
				GCC_WARN_UNUSED_VARIABLE = YES;
				IPHONEOS_DEPLOYMENT_TARGET = 13.2;
				MTL_ENABLE_DEBUG_INFO = INCLUDE_SOURCE;
				MTL_FAST_MATH = YES;
				ONLY_ACTIVE_ARCH = YES;
				SDKROOT = iphoneos;
				SWIFT_ACTIVE_COMPILATION_CONDITIONS = DEBUG;
				SWIFT_OPTIMIZATION_LEVEL = "-Onone";
			};
			name = Debug;
		};
		9B43DC2A236EB5CC00A1C69B /* Release */ = {
			isa = XCBuildConfiguration;
			buildSettings = {
				ALWAYS_SEARCH_USER_PATHS = NO;
				CLANG_ANALYZER_NONNULL = YES;
				CLANG_ANALYZER_NUMBER_OBJECT_CONVERSION = YES_AGGRESSIVE;
				CLANG_CXX_LANGUAGE_STANDARD = "gnu++14";
				CLANG_CXX_LIBRARY = "libc++";
				CLANG_ENABLE_MODULES = YES;
				CLANG_ENABLE_OBJC_ARC = YES;
				CLANG_ENABLE_OBJC_WEAK = YES;
				CLANG_WARN_BLOCK_CAPTURE_AUTORELEASING = YES;
				CLANG_WARN_BOOL_CONVERSION = YES;
				CLANG_WARN_COMMA = YES;
				CLANG_WARN_CONSTANT_CONVERSION = YES;
				CLANG_WARN_DEPRECATED_OBJC_IMPLEMENTATIONS = YES;
				CLANG_WARN_DIRECT_OBJC_ISA_USAGE = YES_ERROR;
				CLANG_WARN_DOCUMENTATION_COMMENTS = YES;
				CLANG_WARN_EMPTY_BODY = YES;
				CLANG_WARN_ENUM_CONVERSION = YES;
				CLANG_WARN_INFINITE_RECURSION = YES;
				CLANG_WARN_INT_CONVERSION = YES;
				CLANG_WARN_NON_LITERAL_NULL_CONVERSION = YES;
				CLANG_WARN_OBJC_IMPLICIT_RETAIN_SELF = YES;
				CLANG_WARN_OBJC_LITERAL_CONVERSION = YES;
				CLANG_WARN_OBJC_ROOT_CLASS = YES_ERROR;
				CLANG_WARN_RANGE_LOOP_ANALYSIS = YES;
				CLANG_WARN_STRICT_PROTOTYPES = YES;
				CLANG_WARN_SUSPICIOUS_MOVE = YES;
				CLANG_WARN_UNGUARDED_AVAILABILITY = YES_AGGRESSIVE;
				CLANG_WARN_UNREACHABLE_CODE = YES;
				CLANG_WARN__DUPLICATE_METHOD_MATCH = YES;
				COPY_PHASE_STRIP = NO;
				DEBUG_INFORMATION_FORMAT = "dwarf-with-dsym";
				ENABLE_NS_ASSERTIONS = NO;
				ENABLE_STRICT_OBJC_MSGSEND = YES;
				GCC_C_LANGUAGE_STANDARD = gnu11;
				GCC_NO_COMMON_BLOCKS = YES;
				GCC_WARN_64_TO_32_BIT_CONVERSION = YES;
				GCC_WARN_ABOUT_RETURN_TYPE = YES_ERROR;
				GCC_WARN_UNDECLARED_SELECTOR = YES;
				GCC_WARN_UNINITIALIZED_AUTOS = YES_AGGRESSIVE;
				GCC_WARN_UNUSED_FUNCTION = YES;
				GCC_WARN_UNUSED_VARIABLE = YES;
				IPHONEOS_DEPLOYMENT_TARGET = 13.2;
				MTL_ENABLE_DEBUG_INFO = NO;
				MTL_FAST_MATH = YES;
				SDKROOT = iphoneos;
				SWIFT_COMPILATION_MODE = wholemodule;
				SWIFT_OPTIMIZATION_LEVEL = "-O";
				VALIDATE_PRODUCT = YES;
			};
			name = Release;
		};
		9B43DC2C236EB5CC00A1C69B /* Debug */ = {
			isa = XCBuildConfiguration;
			buildSettings = {
				ASSETCATALOG_COMPILER_APPICON_NAME = AppIcon;
				CODE_SIGN_STYLE = Automatic;
				DEVELOPMENT_ASSET_PATHS = "\"SwiftUIExam/Preview Content\"";
				ENABLE_PREVIEWS = YES;
				INFOPLIST_FILE = SwiftUIExam/Info.plist;
				IPHONEOS_DEPLOYMENT_TARGET = 13.0;
				LD_RUNPATH_SEARCH_PATHS = (
					"$(inherited)",
					"@executable_path/Frameworks",
				);
				PRODUCT_BUNDLE_IDENTIFIER = com.peter.SwiftUIExam;
				PRODUCT_NAME = "$(TARGET_NAME)";
				SWIFT_VERSION = 5.0;
				TARGETED_DEVICE_FAMILY = "1,2";
			};
			name = Debug;
		};
		9B43DC2D236EB5CC00A1C69B /* Release */ = {
			isa = XCBuildConfiguration;
			buildSettings = {
				ASSETCATALOG_COMPILER_APPICON_NAME = AppIcon;
				CODE_SIGN_STYLE = Automatic;
				DEVELOPMENT_ASSET_PATHS = "\"SwiftUIExam/Preview Content\"";
				ENABLE_PREVIEWS = YES;
				INFOPLIST_FILE = SwiftUIExam/Info.plist;
				IPHONEOS_DEPLOYMENT_TARGET = 13.0;
				LD_RUNPATH_SEARCH_PATHS = (
					"$(inherited)",
					"@executable_path/Frameworks",
				);
				PRODUCT_BUNDLE_IDENTIFIER = com.peter.SwiftUIExam;
				PRODUCT_NAME = "$(TARGET_NAME)";
				SWIFT_VERSION = 5.0;
				TARGETED_DEVICE_FAMILY = "1,2";
			};
			name = Release;
		};
/* End XCBuildConfiguration section */

/* Begin XCConfigurationList section */
		9B43DC12236EB5CA00A1C69B /* Build configuration list for PBXProject "SwiftUIExam" */ = {
			isa = XCConfigurationList;
			buildConfigurations = (
				9B43DC29236EB5CC00A1C69B /* Debug */,
				9B43DC2A236EB5CC00A1C69B /* Release */,
			);
			defaultConfigurationIsVisible = 0;
			defaultConfigurationName = Release;
		};
		9B43DC2B236EB5CC00A1C69B /* Build configuration list for PBXNativeTarget "SwiftUIExam" */ = {
			isa = XCConfigurationList;
			buildConfigurations = (
				9B43DC2C236EB5CC00A1C69B /* Debug */,
				9B43DC2D236EB5CC00A1C69B /* Release */,
			);
			defaultConfigurationIsVisible = 0;
			defaultConfigurationName = Release;
		};
/* End XCConfigurationList section */
	};
	rootObject = 9B43DC0F236EB5CA00A1C69B /* Project object */;
}
